
Microsoft Visual Studio Solution File, Format Version 12.00
# Visual Studio Version 16
VisualStudioVersion = 25.0.1706.4
MinimumVisualStudioVersion = 10.0.40219.1
Project("{FAE04EC0-301F-11D3-BF4B-00C04F79EFBC}") = "Projekt", "Projekt\Projekt.csproj", "{328FACC8-9CC2-410A-A671-7DB19024B001}"
EndProject
Global
	GlobalSection(SolutionConfigurationPlatforms) = preSolution
		Debug|Any CPU = Debug|Any CPU
		Release|Any CPU = Release|Any CPU
	EndGlobalSection
	GlobalSection(ProjectConfigurationPlatforms) = postSolution
		{328FACC8-9CC2-410A-A671-7DB19024B001}.Debug|Any CPU.ActiveCfg = Debug|Any CPU
		{328FACC8-9CC2-410A-A671-7DB19024B001}.Debug|Any CPU.Build.0 = Debug|Any CPU
		{328FACC8-9CC2-410A-A671-7DB19024B001}.Release|Any CPU.ActiveCfg = Release|Any CPU
		{328FACC8-9CC2-410A-A671-7DB19024B001}.Release|Any CPU.Build.0 = Release|Any CPU
	EndGlobalSection
	GlobalSection(SolutionProperties) = preSolution
		HideSolutionNode = FALSE
	EndGlobalSection
	GlobalSection(ExtensibilityGlobals) = postSolution
		SolutionGuid = {CE2B91A9-18F1-4F40-88A6-5A7404A6991B}
	EndGlobalSection
EndGlobal
